
Microsoft Visual Studio Solution File, Format Version 12.00
Project("{FAE04EC0-301F-11D3-BF4B-00C04F79EFBC}") = "Apolon.Core", "Apolon.Core\Apolon.Core.csproj", "{9AA999C6-C000-4DC4-9A2B-6571708AE6FE}"
EndProject
Project("{FAE04EC0-301F-11D3-BF4B-00C04F79EFBC}") = "Apolon.Models", "Apolon.Models\Apolon.Models.csproj", "{8619C6E3-65A7-4A58-B8EB-2BEC5E8739C2}"
EndProject
Project("{FAE04EC0-301F-11D3-BF4B-00C04F79EFBC}") = "Apolon.Core.Tests", "Apolon.Core.Tests\Apolon.Core.Tests.csproj", "{A252D907-9878-4CC7-9A35-C59264D03E0A}"
EndProject
Project("{FAE04EC0-301F-11D3-BF4B-00C04F79EFBC}") = "Apolon.CLI", "Apolon.CLI\Apolon.CLI.csproj", "{60524D24-B2A6-4C8D-98EB-B6D83726BAB5}"
EndProject
Project("{FAE04EC0-301F-11D3-BF4B-00C04F79EFBC}") = "Apolon.WebApp", "Apolon.WebApp\Apolon.WebApp.csproj", "{CC79AEAA-AA2B-4D30-9515-B4459C1A1B9D}"
EndProject
Global
	GlobalSection(SolutionConfigurationPlatforms) = preSolution
		Debug|Any CPU = Debug|Any CPU
		Release|Any CPU = Release|Any CPU
	EndGlobalSection
	GlobalSection(ProjectConfigurationPlatforms) = postSolution
		{9AA999C6-C000-4DC4-9A2B-6571708AE6FE}.Debug|Any CPU.ActiveCfg = Debug|Any CPU
		{9AA999C6-C000-4DC4-9A2B-6571708AE6FE}.Debug|Any CPU.Build.0 = Debug|Any CPU
		{9AA999C6-C000-4DC4-9A2B-6571708AE6FE}.Release|Any CPU.ActiveCfg = Release|Any CPU
		{9AA999C6-C000-4DC4-9A2B-6571708AE6FE}.Release|Any CPU.Build.0 = Release|Any CPU
		{8619C6E3-65A7-4A58-B8EB-2BEC5E8739C2}.Debug|Any CPU.ActiveCfg = Debug|Any CPU
		{8619C6E3-65A7-4A58-B8EB-2BEC5E8739C2}.Debug|Any CPU.Build.0 = Debug|Any CPU
		{8619C6E3-65A7-4A58-B8EB-2BEC5E8739C2}.Release|Any CPU.ActiveCfg = Release|Any CPU
		{8619C6E3-65A7-4A58-B8EB-2BEC5E8739C2}.Release|Any CPU.Build.0 = Release|Any CPU
		{A252D907-9878-4CC7-9A35-C59264D03E0A}.Debug|Any CPU.ActiveCfg = Debug|Any CPU
		{A252D907-9878-4CC7-9A35-C59264D03E0A}.Debug|Any CPU.Build.0 = Debug|Any CPU
		{A252D907-9878-4CC7-9A35-C59264D03E0A}.Release|Any CPU.ActiveCfg = Release|Any CPU
		{A252D907-9878-4CC7-9A35-C59264D03E0A}.Release|Any CPU.Build.0 = Release|Any CPU
		{60524D24-B2A6-4C8D-98EB-B6D83726BAB5}.Debug|Any CPU.ActiveCfg = Debug|Any CPU
		{60524D24-B2A6-4C8D-98EB-B6D83726BAB5}.Debug|Any CPU.Build.0 = Debug|Any CPU
		{60524D24-B2A6-4C8D-98EB-B6D83726BAB5}.Release|Any CPU.ActiveCfg = Release|Any CPU
		{60524D24-B2A6-4C8D-98EB-B6D83726BAB5}.Release|Any CPU.Build.0 = Release|Any CPU
		{CC79AEAA-AA2B-4D30-9515-B4459C1A1B9D}.Debug|Any CPU.ActiveCfg = Debug|Any CPU
		{CC79AEAA-AA2B-4D30-9515-B4459C1A1B9D}.Debug|Any CPU.Build.0 = Debug|Any CPU
		{CC79AEAA-AA2B-4D30-9515-B4459C1A1B9D}.Release|Any CPU.ActiveCfg = Release|Any CPU
		{CC79AEAA-AA2B-4D30-9515-B4459C1A1B9D}.Release|Any CPU.Build.0 = Release|Any CPU
	EndGlobalSection
EndGlobal
